
Microsoft Visual Studio Solution File, Format Version 12.00
# Visual Studio 15
VisualStudioVersion = 15.0.28307.271
MinimumVisualStudioVersion = 10.0.40219.1
Project("{FAE04EC0-301F-11D3-BF4B-00C04F79EFBC}") = "AppClima.Android", "AppClima\AppClima.Android\AppClima.Android.csproj", "{B822885D-49D5-4531-98B0-706ECD278743}"
EndProject
Project("{FAE04EC0-301F-11D3-BF4B-00C04F79EFBC}") = "AppClima.iOS", "AppClima\AppClima.iOS\AppClima.iOS.csproj", "{3556A59B-B94A-487B-A941-3900FCC46DA1}"
EndProject
Project("{FAE04EC0-301F-11D3-BF4B-00C04F79EFBC}") = "AppClima", "AppClima\AppClima\AppClima.csproj", "{DEB80ABF-98B9-4BA5-94AA-B1D2FEBD9B2D}"
EndProject
Global
	GlobalSection(SolutionConfigurationPlatforms) = preSolution
		Ad-Hoc|Any CPU = Ad-Hoc|Any CPU
		Ad-Hoc|iPhone = Ad-Hoc|iPhone
		Ad-Hoc|iPhoneSimulator = Ad-Hoc|iPhoneSimulator
		AppStore|Any CPU = AppStore|Any CPU
		AppStore|iPhone = AppStore|iPhone
		AppStore|iPhoneSimulator = AppStore|iPhoneSimulator
		Debug|Any CPU = Debug|Any CPU
		Debug|iPhone = Debug|iPhone
		Debug|iPhoneSimulator = Debug|iPhoneSimulator
		Release|Any CPU = Release|Any CPU
		Release|iPhone = Release|iPhone
		Release|iPhoneSimulator = Release|iPhoneSimulator
	EndGlobalSection
	GlobalSection(ProjectConfigurationPlatforms) = postSolution
		{B822885D-49D5-4531-98B0-706ECD278743}.Ad-Hoc|Any CPU.ActiveCfg = Release|Any CPU
		{B822885D-49D5-4531-98B0-706ECD278743}.Ad-Hoc|Any CPU.Build.0 = Release|Any CPU
		{B822885D-49D5-4531-98B0-706ECD278743}.Ad-Hoc|Any CPU.Deploy.0 = Release|Any CPU
		{B822885D-49D5-4531-98B0-706ECD278743}.Ad-Hoc|iPhone.ActiveCfg = Release|Any CPU
		{B822885D-49D5-4531-98B0-706ECD278743}.Ad-Hoc|iPhone.Build.0 = Release|Any CPU
		{B822885D-49D5-4531-98B0-706ECD278743}.Ad-Hoc|iPhone.Deploy.0 = Release|Any CPU
		{B822885D-49D5-4531-98B0-706ECD278743}.Ad-Hoc|iPhoneSimulator.ActiveCfg = Release|Any CPU
		{B822885D-49D5-4531-98B0-706ECD278743}.Ad-Hoc|iPhoneSimulator.Build.0 = Release|Any CPU
		{B822885D-49D5-4531-98B0-706ECD278743}.Ad-Hoc|iPhoneSimulator.Deploy.0 = Release|Any CPU
		{B822885D-49D5-4531-98B0-706ECD278743}.AppStore|Any CPU.ActiveCfg = Release|Any CPU
		{B822885D-49D5-4531-98B0-706ECD278743}.AppStore|Any CPU.Build.0 = Release|Any CPU
		{B822885D-49D5-4531-98B0-706ECD278743}.AppStore|Any CPU.Deploy.0 = Release|Any CPU
		{B822885D-49D5-4531-98B0-706ECD278743}.AppStore|iPhone.ActiveCfg = Release|Any CPU
		{B822885D-49D5-4531-98B0-706ECD278743}.AppStore|iPhone.Build.0 = Release|Any CPU
		{B822885D-49D5-4531-98B0-706ECD278743}.AppStore|iPhone.Deploy.0 = Release|Any CPU
		{B822885D-49D5-4531-98B0-706ECD278743}.AppStore|iPhoneSimulator.ActiveCfg = Release|Any CPU
		{B822885D-49D5-4531-98B0-706ECD278743}.AppStore|iPhoneSimulator.Build.0 = Release|Any CPU
		{B822885D-49D5-4531-98B0-706ECD278743}.AppStore|iPhoneSimulator.Deploy.0 = Release|Any CPU
		{B822885D-49D5-4531-98B0-706ECD278743}.Debug|Any CPU.ActiveCfg = Debug|Any CPU
		{B822885D-49D5-4531-98B0-706ECD278743}.Debug|Any CPU.Build.0 = Debug|Any CPU
		{B822885D-49D5-4531-98B0-706ECD278743}.Debug|Any CPU.Deploy.0 = Debug|Any CPU
		{B822885D-49D5-4531-98B0-706ECD278743}.Debug|iPhone.ActiveCfg = Debug|Any CPU
		{B822885D-49D5-4531-98B0-706ECD278743}.Debug|iPhone.Build.0 = Debug|Any CPU
		{B822885D-49D5-4531-98B0-706ECD278743}.Debug|iPhone.Deploy.0 = Debug|Any CPU
		{B822885D-49D5-4531-98B0-706ECD278743}.Debug|iPhoneSimulator.ActiveCfg = Debug|Any CPU
		{B822885D-49D5-4531-98B0-706ECD278743}.Debug|iPhoneSimulator.Build.0 = Debug|Any CPU
		{B822885D-49D5-4531-98B0-706ECD278743}.Debug|iPhoneSimulator.Deploy.0 = Debug|Any CPU
		{B822885D-49D5-4531-98B0-706ECD278743}.Release|Any CPU.ActiveCfg = Release|Any CPU
		{B822885D-49D5-4531-98B0-706ECD278743}.Release|Any CPU.Build.0 = Release|Any CPU
		{B822885D-49D5-4531-98B0-706ECD278743}.Release|Any CPU.Deploy.0 = Release|Any CPU
		{B822885D-49D5-4531-98B0-706ECD278743}.Release|iPhone.ActiveCfg = Release|Any CPU
		{B822885D-49D5-4531-98B0-706ECD278743}.Release|iPhone.Build.0 = Release|Any CPU
		{B822885D-49D5-4531-98B0-706ECD278743}.Release|iPhone.Deploy.0 = Release|Any CPU
		{B822885D-49D5-4531-98B0-706ECD278743}.Release|iPhoneSimulator.ActiveCfg = Release|Any CPU
		{B822885D-49D5-4531-98B0-706ECD278743}.Release|iPhoneSimulator.Build.0 = Release|Any CPU
		{B822885D-49D5-4531-98B0-706ECD278743}.Release|iPhoneSimulator.Deploy.0 = Release|Any CPU
		{3556A59B-B94A-487B-A941-3900FCC46DA1}.Ad-Hoc|Any CPU.ActiveCfg = Ad-Hoc|iPhone
		{3556A59B-B94A-487B-A941-3900FCC46DA1}.Ad-Hoc|Any CPU.Build.0 = Ad-Hoc|iPhone
		{3556A59B-B94A-487B-A941-3900FCC46DA1}.Ad-Hoc|Any CPU.Deploy.0 = Ad-Hoc|iPhone
		{3556A59B-B94A-487B-A941-3900FCC46DA1}.Ad-Hoc|iPhone.ActiveCfg = Ad-Hoc|iPhone
		{3556A59B-B94A-487B-A941-3900FCC46DA1}.Ad-Hoc|iPhone.Build.0 = Ad-Hoc|iPhone
		{3556A59B-B94A-487B-A941-3900FCC46DA1}.Ad-Hoc|iPhone.Deploy.0 = Ad-Hoc|iPhone
		{3556A59B-B94A-487B-A941-3900FCC46DA1}.Ad-Hoc|iPhoneSimulator.ActiveCfg = Ad-Hoc|iPhoneSimulator
		{3556A59B-B94A-487B-A941-3900FCC46DA1}.Ad-Hoc|iPhoneSimulator.Build.0 = Ad-Hoc|iPhoneSimulator
		{3556A59B-B94A-487B-A941-3900FCC46DA1}.Ad-Hoc|iPhoneSimulator.Deploy.0 = Ad-Hoc|iPhoneSimulator
		{3556A59B-B94A-487B-A941-3900FCC46DA1}.AppStore|Any CPU.ActiveCfg = AppStore|iPhone
		{3556A59B-B94A-487B-A941-3900FCC46DA1}.AppStore|Any CPU.Build.0 = AppStore|iPhone
		{3556A59B-B94A-487B-A941-3900FCC46DA1}.AppStore|Any CPU.Deploy.0 = AppStore|iPhone
		{3556A59B-B94A-487B-A941-3900FCC46DA1}.AppStore|iPhone.ActiveCfg = AppStore|iPhone
		{3556A59B-B94A-487B-A941-3900FCC46DA1}.AppStore|iPhone.Build.0 = AppStore|iPhone
		{3556A59B-B94A-487B-A941-3900FCC46DA1}.AppStore|iPhone.Deploy.0 = AppStore|iPhone
		{3556A59B-B94A-487B-A941-3900FCC46DA1}.AppStore|iPhoneSimulator.ActiveCfg = AppStore|iPhoneSimulator
		{3556A59B-B94A-487B-A941-3900FCC46DA1}.AppStore|iPhoneSimulator.Build.0 = AppStore|iPhoneSimulator
		{3556A59B-B94A-487B-A941-3900FCC46DA1}.AppStore|iPhoneSimulator.Deploy.0 = AppStore|iPhoneSimulator
		{3556A59B-B94A-487B-A941-3900FCC46DA1}.Debug|Any CPU.ActiveCfg = Debug|iPhoneSimulator
		{3556A59B-B94A-487B-A941-3900FCC46DA1}.Debug|Any CPU.Build.0 = Debug|iPhoneSimulator
		{3556A59B-B94A-487B-A941-3900FCC46DA1}.Debug|Any CPU.Deploy.0 = Debug|iPhoneSimulator
		{3556A59B-B94A-487B-A941-3900FCC46DA1}.Debug|iPhone.ActiveCfg = Debug|iPhone
		{3556A59B-B94A-487B-A941-3900FCC46DA1}.Debug|iPhone.Build.0 = Debug|iPhone
		{3556A59B-B94A-487B-A941-3900FCC46DA1}.Debug|iPhone.Deploy.0 = Debug|iPhone
		{3556A59B-B94A-487B-A941-3900FCC46DA1}.Debug|iPhoneSimulator.ActiveCfg = Debug|iPhoneSimulator
		{3556A59B-B94A-487B-A941-3900FCC46DA1}.Debug|iPhoneSimulator.Build.0 = Debug|iPhoneSimulator
		{3556A59B-B94A-487B-A941-3900FCC46DA1}.Debug|iPhoneSimulator.Deploy.0 = Debug|iPhoneSimulator
		{3556A59B-B94A-487B-A941-3900FCC46DA1}.Release|Any CPU.ActiveCfg = Release|iPhone
		{3556A59B-B94A-487B-A941-3900FCC46DA1}.Release|Any CPU.Build.0 = Release|iPhone
		{3556A59B-B94A-487B-A941-3900FCC46DA1}.Release|Any CPU.Deploy.0 = Release|iPhone
		{3556A59B-B94A-487B-A941-3900FCC46DA1}.Release|iPhone.ActiveCfg = Release|iPhone
		{3556A59B-B94A-487B-A941-3900FCC46DA1}.Release|iPhone.Build.0 = Release|iPhone
		{3556A59B-B94A-487B-A941-3900FCC46DA1}.Release|iPhone.Deploy.0 = Release|iPhone
		{3556A59B-B94A-487B-A941-3900FCC46DA1}.Release|iPhoneSimulator.ActiveCfg = Release|iPhoneSimulator
		{3556A59B-B94A-487B-A941-3900FCC46DA1}.Release|iPhoneSimulator.Build.0 = Release|iPhoneSimulator
		{3556A59B-B94A-487B-A941-3900FCC46DA1}.Release|iPhoneSimulator.Deploy.0 = Release|iPhoneSimulator
		{DEB80ABF-98B9-4BA5-94AA-B1D2FEBD9B2D}.Ad-Hoc|Any CPU.ActiveCfg = Debug|Any CPU
		{DEB80ABF-98B9-4BA5-94AA-B1D2FEBD9B2D}.Ad-Hoc|Any CPU.Build.0 = Debug|Any CPU
		{DEB80ABF-98B9-4BA5-94AA-B1D2FEBD9B2D}.Ad-Hoc|Any CPU.Deploy.0 = Debug|Any CPU
		{DEB80ABF-98B9-4BA5-94AA-B1D2FEBD9B2D}.Ad-Hoc|iPhone.ActiveCfg = Debug|Any CPU
		{DEB80ABF-98B9-4BA5-94AA-B1D2FEBD9B2D}.Ad-Hoc|iPhone.Build.0 = Debug|Any CPU
		{DEB80ABF-98B9-4BA5-94AA-B1D2FEBD9B2D}.Ad-Hoc|iPhone.Deploy.0 = Debug|Any CPU
		{DEB80ABF-98B9-4BA5-94AA-B1D2FEBD9B2D}.Ad-Hoc|iPhoneSimulator.ActiveCfg = Debug|Any CPU
		{DEB80ABF-98B9-4BA5-94AA-B1D2FEBD9B2D}.Ad-Hoc|iPhoneSimulator.Build.0 = Debug|Any CPU
		{DEB80ABF-98B9-4BA5-94AA-B1D2FEBD9B2D}.Ad-Hoc|iPhoneSimulator.Deploy.0 = Debug|Any CPU
		{DEB80ABF-98B9-4BA5-94AA-B1D2FEBD9B2D}.AppStore|Any CPU.ActiveCfg = Debug|Any CPU
		{DEB80ABF-98B9-4BA5-94AA-B1D2FEBD9B2D}.AppStore|Any CPU.Build.0 = Debug|Any CPU
		{DEB80ABF-98B9-4BA5-94AA-B1D2FEBD9B2D}.AppStore|Any CPU.Deploy.0 = Debug|Any CPU
		{DEB80ABF-98B9-4BA5-94AA-B1D2FEBD9B2D}.AppStore|iPhone.ActiveCfg = Debug|Any CPU
		{DEB80ABF-98B9-4BA5-94AA-B1D2FEBD9B2D}.AppStore|iPhone.Build.0 = Debug|Any CPU
		{DEB80ABF-98B9-4BA5-94AA-B1D2FEBD9B2D}.AppStore|iPhone.Deploy.0 = Debug|Any CPU
		{DEB80ABF-98B9-4BA5-94AA-B1D2FEBD9B2D}.AppStore|iPhoneSimulator.ActiveCfg = Debug|Any CPU
		{DEB80ABF-98B9-4BA5-94AA-B1D2FEBD9B2D}.AppStore|iPhoneSimulator.Build.0 = Debug|Any CPU
		{DEB80ABF-98B9-4BA5-94AA-B1D2FEBD9B2D}.AppStore|iPhoneSimulator.Deploy.0 = Debug|Any CPU
		{DEB80ABF-98B9-4BA5-94AA-B1D2FEBD9B2D}.Debug|Any CPU.ActiveCfg = Debug|Any CPU
		{DEB80ABF-98B9-4BA5-94AA-B1D2FEBD9B2D}.Debug|Any CPU.Build.0 = Debug|Any CPU
		{DEB80ABF-98B9-4BA5-94AA-B1D2FEBD9B2D}.Debug|Any CPU.Deploy.0 = Debug|Any CPU
		{DEB80ABF-98B9-4BA5-94AA-B1D2FEBD9B2D}.Debug|iPhone.ActiveCfg = Debug|Any CPU
		{DEB80ABF-98B9-4BA5-94AA-B1D2FEBD9B2D}.Debug|iPhone.Build.0 = Debug|Any CPU
		{DEB80ABF-98B9-4BA5-94AA-B1D2FEBD9B2D}.Debug|iPhone.Deploy.0 = Debug|Any CPU
		{DEB80ABF-98B9-4BA5-94AA-B1D2FEBD9B2D}.Debug|iPhoneSimulator.ActiveCfg = Debug|Any CPU
		{DEB80ABF-98B9-4BA5-94AA-B1D2FEBD9B2D}.Debug|iPhoneSimulator.Build.0 = Debug|Any CPU
		{DEB80ABF-98B9-4BA5-94AA-B1D2FEBD9B2D}.Debug|iPhoneSimulator.Deploy.0 = Debug|Any CPU
		{DEB80ABF-98B9-4BA5-94AA-B1D2FEBD9B2D}.Release|Any CPU.ActiveCfg = Release|Any CPU
		{DEB80ABF-98B9-4BA5-94AA-B1D2FEBD9B2D}.Release|Any CPU.Build.0 = Release|Any CPU
		{DEB80ABF-98B9-4BA5-94AA-B1D2FEBD9B2D}.Release|Any CPU.Deploy.0 = Release|Any CPU
		{DEB80ABF-98B9-4BA5-94AA-B1D2FEBD9B2D}.Release|iPhone.ActiveCfg = Release|Any CPU
		{DEB80ABF-98B9-4BA5-94AA-B1D2FEBD9B2D}.Release|iPhone.Build.0 = Release|Any CPU
		{DEB80ABF-98B9-4BA5-94AA-B1D2FEBD9B2D}.Release|iPhone.Deploy.0 = Release|Any CPU
		{DEB80ABF-98B9-4BA5-94AA-B1D2FEBD9B2D}.Release|iPhoneSimulator.ActiveCfg = Release|Any CPU
		{DEB80ABF-98B9-4BA5-94AA-B1D2FEBD9B2D}.Release|iPhoneSimulator.Build.0 = Release|Any CPU
		{DEB80ABF-98B9-4BA5-94AA-B1D2FEBD9B2D}.Release|iPhoneSimulator.Deploy.0 = Release|Any CPU
	EndGlobalSection
	GlobalSection(SolutionProperties) = preSolution
		HideSolutionNode = FALSE
	EndGlobalSection
	GlobalSection(ExtensibilityGlobals) = postSolution
		SolutionGuid = {8C5F0E18-560E-4F68-870E-3E48278DFD49}
	EndGlobalSection
EndGlobal
